<?xml version="1.0" encoding="utf-8"?>
<Project ToolsVersion="4.0" xmlns="http://schemas.microsoft.com/developer/msbuild/2003">
  <ItemGroup>
    <Filter Include="Source Files">
      <UniqueIdentifier>{4FC737F1-C7A5-4376-A066-2A32D752A2FF}</UniqueIdentifier>
      <Extensions>cpp;c;cc;cxx;def;odl;idl;hpj;bat;asm;asmx</Extensions>
    </Filter>
    <Filter Include="Header Files">
      <UniqueIdentifier>{93995380-89BD-4b04-88EB-625FBE52EBFB}</UniqueIdentifier>
      <Extensions>h;hpp;hxx;hm;inl;inc;xsd</Extensions>
    </Filter>
    <Filter Include="Resource Files">
      <UniqueIdentifier>{67DA6AB6-F800-4c08-8B7A-83BB121AAD01}</UniqueIdentifier>
      <Extensions>rc;ico;cur;bmp;dlg;rc2;rct;bin;rgs;gif;jpg;jpeg;jpe;resx;tiff;tif;png;wav;mfcribbon-ms</Extensions>
    </Filter>
    <Filter Include="Common">
      <UniqueIdentifier>{157ce619-c61f-48a8-8eaf-da0c14e44ea3}</UniqueIdentifier>
    </Filter>
  </ItemGroup>
  <ItemGroup>
    <ClInclude Include="..\Common\CPool.h">
      <Filter>Common</Filter>
    </ClInclude>
    <ClInclude Include="..\Common\Gen.h">
      <Filter>Common</Filter>
    </ClInclude>
    <ClInclude Include="..\Common\GlobalDefine.h">
      <Filter>Common</Filter>
    </ClInclude>
    <ClInclude Include="..\Common\lock.h">
      <Filter>Common</Filter>
    </ClInclude>
    <ClInclude Include="..\Common\Log.h">
      <Filter>Common</Filter>
    </ClInclude>
    <ClInclude Include="..\Common\MsWinsockUtil.h">
      <Filter>Common</Filter>
    </ClInclude>
    <ClInclude Include="..\Common\Singleton.h">
      <Filter>Common</Filter>
    </ClInclude>
    <ClInclude Include="..\Common\Session.h">
      <Filter>Common</Filter>
    </ClInclude>
    <ClInclude Include="..\Common\List.h">
      <Filter>Common</Filter>
    </ClInclude>
    <ClInclude Include="..\Common\IocpServer.h">
      <Filter>Common</Filter>
    </ClInclude>
    <ClInclude Include="..\Common\DynamicArray.h">
      <Filter>Common</Filter>
    </ClInclude>
    <ClInclude Include="..\Common\Queue.h">
      <Filter>Common</Filter>
    </ClInclude>
    <ClInclude Include="..\Common\ServerSockHandler.h">
      <Filter>Common</Filter>
    </ClInclude>
    <ClInclude Include="..\Common\StaticArray.h">
      <Filter>Common</Filter>
    </ClInclude>
    <ClInclude Include="..\Common\TableColumn.h">
      <Filter>Common</Filter>
    </ClInclude>
    <ClInclude Include="..\Common\TimeControl.h">
      <Filter>Common</Filter>
    </ClInclude>
    <ClInclude Include="..\Common\Connector.h">
      <Filter>Common</Filter>
    </ClInclude>
    <ClInclude Include="LoginGate.h">
      <Filter>Source Files</Filter>
    </ClInclude>
  </ItemGroup>
  <ItemGroup>
    <ClCompile Include="..\Common\Gen.cpp">
      <Filter>Common</Filter>
    </ClCompile>
    <ClCompile Include="..\Common\GlobalDefine.cpp">
      <Filter>Common</Filter>
    </ClCompile>
    <ClCompile Include="..\Common\Log.cpp">
      <Filter>Common</Filter>
    </ClCompile>
    <ClCompile Include="..\Common\MsWinsockUtil.cpp">
      <Filter>Common</Filter>
    </ClCompile>
    <ClCompile Include="main.cpp">
      <Filter>Source Files</Filter>
    </ClCompile>
    <ClCompile Include="..\Common\ServerSockHandler.cpp">
      <Filter>Common</Filter>
    </ClCompile>
    <ClCompile Include="ServerSockMsg.cpp">
      <Filter>Source Files</Filter>
    </ClCompile>
    <ClCompile Include="ClientSockMsg.cpp">
      <Filter>Source Files</Filter>
    </ClCompile>
    <ClCompile Include="..\Common\TimeControl.cpp">
      <Filter>Common</Filter>
    </ClCompile>
    <ClCompile Include="..\Common\Connector.cpp">
      <Filter>Common</Filter>
    </ClCompile>
    <ClCompile Include="LoginGate.cpp">
      <Filter>Source Files</Filter>
    </ClCompile>
  </ItemGroup>
</Project>